
Microsoft Visual Studio Solution File, Format Version 12.00
# Visual Studio Version 17
VisualStudioVersion = 17.1.32228.430
MinimumVisualStudioVersion = 10.0.40219.1
Project("{FAE04EC0-301F-11D3-BF4B-00C04F79EFBC}") = "PortalBuffet.UI", "PortalBuffet.UI\PortalBuffet.UI.csproj", "{40448C8E-CCAB-4E1A-9DA9-5B9B4FA66C4C}"
EndProject
Global
	GlobalSection(SolutionConfigurationPlatforms) = preSolution
		Debug|Any CPU = Debug|Any CPU
		Release|Any CPU = Release|Any CPU
	EndGlobalSection
	GlobalSection(ProjectConfigurationPlatforms) = postSolution
		{40448C8E-CCAB-4E1A-9DA9-5B9B4FA66C4C}.Debug|Any CPU.ActiveCfg = Debug|Any CPU
		{40448C8E-CCAB-4E1A-9DA9-5B9B4FA66C4C}.Debug|Any CPU.Build.0 = Debug|Any CPU
		{40448C8E-CCAB-4E1A-9DA9-5B9B4FA66C4C}.Release|Any CPU.ActiveCfg = Release|Any CPU
		{40448C8E-CCAB-4E1A-9DA9-5B9B4FA66C4C}.Release|Any CPU.Build.0 = Release|Any CPU
	EndGlobalSection
	GlobalSection(SolutionProperties) = preSolution
		HideSolutionNode = FALSE
	EndGlobalSection
	GlobalSection(ExtensibilityGlobals) = postSolution
		SolutionGuid = {2BAFC18A-7C80-4A75-8F72-B490020017F6}
	EndGlobalSection
EndGlobal
